
Microsoft Visual Studio Solution File, Format Version 12.00
# Visual Studio Version 17
VisualStudioVersion = 17.11.35327.3
MinimumVisualStudioVersion = 10.0.40219.1
Project("{FAE04EC0-301F-11D3-BF4B-00C04F79EFBC}") = "TodoList.Api", "TodoList.Api\TodoList.Api.csproj", "{5FB81A5A-9066-49BE-80A1-1D4D5ADEC559}"
EndProject
Project("{FAE04EC0-301F-11D3-BF4B-00C04F79EFBC}") = "TodoList.Business", "TodoList.Business\TodoList.Business.csproj", "{3A3EF5AF-1CC9-4439-A90E-CCAF5B9E5923}"
EndProject
Project("{FAE04EC0-301F-11D3-BF4B-00C04F79EFBC}") = "TodoList.DataAccess", "TodoList.DataAccess\TodoList.DataAccess.csproj", "{3167BDF1-C915-4A5F-96FB-447D014BD663}"
EndProject
Project("{FAE04EC0-301F-11D3-BF4B-00C04F79EFBC}") = "TodoList.Common", "TodoList.Common\TodoList.Common.csproj", "{1834C8BE-BED6-44B9-80EB-1B219C57AF85}"
EndProject
Global
	GlobalSection(SolutionConfigurationPlatforms) = preSolution
		Debug|Any CPU = Debug|Any CPU
		Release|Any CPU = Release|Any CPU
	EndGlobalSection
	GlobalSection(ProjectConfigurationPlatforms) = postSolution
		{5FB81A5A-9066-49BE-80A1-1D4D5ADEC559}.Debug|Any CPU.ActiveCfg = Debug|Any CPU
		{5FB81A5A-9066-49BE-80A1-1D4D5ADEC559}.Debug|Any CPU.Build.0 = Debug|Any CPU
		{5FB81A5A-9066-49BE-80A1-1D4D5ADEC559}.Release|Any CPU.ActiveCfg = Release|Any CPU
		{5FB81A5A-9066-49BE-80A1-1D4D5ADEC559}.Release|Any CPU.Build.0 = Release|Any CPU
		{3A3EF5AF-1CC9-4439-A90E-CCAF5B9E5923}.Debug|Any CPU.ActiveCfg = Debug|Any CPU
		{3A3EF5AF-1CC9-4439-A90E-CCAF5B9E5923}.Debug|Any CPU.Build.0 = Debug|Any CPU
		{3A3EF5AF-1CC9-4439-A90E-CCAF5B9E5923}.Release|Any CPU.ActiveCfg = Release|Any CPU
		{3A3EF5AF-1CC9-4439-A90E-CCAF5B9E5923}.Release|Any CPU.Build.0 = Release|Any CPU
		{3167BDF1-C915-4A5F-96FB-447D014BD663}.Debug|Any CPU.ActiveCfg = Debug|Any CPU
		{3167BDF1-C915-4A5F-96FB-447D014BD663}.Debug|Any CPU.Build.0 = Debug|Any CPU
		{3167BDF1-C915-4A5F-96FB-447D014BD663}.Release|Any CPU.ActiveCfg = Release|Any CPU
		{3167BDF1-C915-4A5F-96FB-447D014BD663}.Release|Any CPU.Build.0 = Release|Any CPU
		{1834C8BE-BED6-44B9-80EB-1B219C57AF85}.Debug|Any CPU.ActiveCfg = Debug|Any CPU
		{1834C8BE-BED6-44B9-80EB-1B219C57AF85}.Debug|Any CPU.Build.0 = Debug|Any CPU
		{1834C8BE-BED6-44B9-80EB-1B219C57AF85}.Release|Any CPU.ActiveCfg = Release|Any CPU
		{1834C8BE-BED6-44B9-80EB-1B219C57AF85}.Release|Any CPU.Build.0 = Release|Any CPU
	EndGlobalSection
	GlobalSection(SolutionProperties) = preSolution
		HideSolutionNode = FALSE
	EndGlobalSection
	GlobalSection(ExtensibilityGlobals) = postSolution
		SolutionGuid = {341F1A75-63E2-4D35-B217-4444F796344E}
	EndGlobalSection
EndGlobal
